generated_at: "2026-08-12"
repositories:
  - name: "google/adk-samples"
    url: "https://github.com/google/adk-samples"
    commit: "4b5dd7705750dafbd987aa83efc323c3691d45fc"
    commit_date: "2026-08-11T11:08:22-07:00"
    role: "Agent recipes, legacy samples, recipe metadata, validation and CI"
  - name: "GoogleCloudPlatform/agent-starter-pack"
    url: "https://github.com/GoogleCloudPlatform/agent-starter-pack"
    commit: "659f047742457bd55e5db0edd088cf678b6f0669"
    commit_date: "2026-05-19T02:02:52+02:00"
    role: "Maintenance-mode production template engine and deployment overlays"
  - name: "google/adk-python"
    url: "https://github.com/google/adk-python"
    commit: "a56f6e13ae38296b608808c7a3b37efe4b8c862e"
    commit_date: "2026-08-11T21:56:57-07:00"
    role: "Authoritative ADK 2.0 runtime semantics"
  - name: "google/agents-cli"
    url: "https://github.com/google/agents-cli"
    commit: "5a306f8956cb1eeae69f9709de0e4d61b44e11e7"
    commit_date: "2026-08-04T22:13:52+00:00"
    role: "Active scaffold, evaluation, deployment, publishing and skills lifecycle"
